// !$*UTF8*$!
{
	archiveVersion = 1;
	classes = {
	};
	objectVersion = 50;
	objects = {

/* Begin PBXBuildFile section */
		591EFE9F2671BC510051AF57 /* FormView.swift in Sources */ = {isa = PBXBuildFile; fileRef = 591EFE9E2671BC510051AF57 /* FormView.swift */; };
		591EFEA12671BC810051AF57 /* TrendView.swift in Sources */ = {isa = PBXBuildFile; fileRef = 591EFEA02671BC810051AF57 /* TrendView.swift */; };
		591EFEA32671BC970051AF57 /* ChartView.swift in Sources */ = {isa = PBXBuildFile; fileRef = 591EFEA22671BC970051AF57 /* ChartView.swift */; };
		598BC7DC2670E99200F8BCC0 /* Expensify.xcdatamodeld in Sources */ = {isa = PBXBuildFile; fileRef = 598BC7C62670E99100F8BCC0 /* Expensify.xcdatamodeld */; };
		598BC7DE2670E99200F8BCC0 /* ExpensifyApp.swift in Sources */ = {isa = PBXBuildFile; fileRef = 598BC7C82670E99100F8BCC0 /* ExpensifyApp.swift */; };
		598BC7E02670E99200F8BCC0 /* MainView.swift in Sources */ = {isa = PBXBuildFile; fileRef = 598BC7C92670E99100F8BCC0 /* MainView.swift */; };
		598BC7E42670E99200F8BCC0 /* Assets.xcassets in Resources */ = {isa = PBXBuildFile; fileRef = 598BC7CB2670E99200F8BCC0 /* Assets.xcassets */; };
/* End PBXBuildFile section */

/* Begin PBXFileReference section */
		591EFE9E2671BC510051AF57 /* FormView.swift */ = {isa = PBXFileReference; lastKnownFileType = sourcecode.swift; path = FormView.swift; sourceTree = "<group>"; };
		591EFEA02671BC810051AF57 /* TrendView.swift */ = {isa = PBXFileReference; lastKnownFileType = sourcecode.swift; path = TrendView.swift; sourceTree = "<group>"; };
		591EFEA22671BC970051AF57 /* ChartView.swift */ = {isa = PBXFileReference; lastKnownFileType = sourcecode.swift; path = ChartView.swift; sourceTree = "<group>"; };
		598BC7C72670E99100F8BCC0 /* Shared.xcdatamodel */ = {isa = PBXFileReference; lastKnownFileType = wrapper.xcdatamodel; path = Shared.xcdatamodel; sourceTree = "<group>"; };
		598BC7C82670E99100F8BCC0 /* ExpensifyApp.swift */ = {isa = PBXFileReference; lastKnownFileType = sourcecode.swift; path = ExpensifyApp.swift; sourceTree = "<group>"; };
		598BC7C92670E99100F8BCC0 /* MainView.swift */ = {isa = PBXFileReference; lastKnownFileType = sourcecode.swift; path = MainView.swift; sourceTree = "<group>"; };
		598BC7CB2670E99200F8BCC0 /* Assets.xcassets */ = {isa = PBXFileReference; lastKnownFileType = folder.assetcatalog; path = Assets.xcassets; sourceTree = "<group>"; };
		598BC7D02670E99200F8BCC0 /* Expensify.app */ = {isa = PBXFileReference; explicitFileType = wrapper.application; includeInIndex = 0; path = Expensify.app; sourceTree = BUILT_PRODUCTS_DIR; };
		598BC7D32670E99200F8BCC0 /* Info.plist */ = {isa = PBXFileReference; lastKnownFileType = text.plist.xml; path = Info.plist; sourceTree = "<group>"; };
/* End PBXFileReference section */

/* Begin PBXFrameworksBuildPhase section */
		598BC7CD2670E99200F8BCC0 /* Frameworks */ = {
			isa = PBXFrameworksBuildPhase;
			buildActionMask = 2147483647;
			files = (
			);
			runOnlyForDeploymentPostprocessing = 0;
		};
/* End PBXFrameworksBuildPhase section */

/* Begin PBXGroup section */
		598BC7C02670E99100F8BCC0 = {
			isa = PBXGroup;
			children = (
				598BC7C52670E99100F8BCC0 /* Shared */,
				598BC7D22670E99200F8BCC0 /* iOS */,
				598BC7D12670E99200F8BCC0 /* Products */,
			);
			sourceTree = "<group>";
		};
		598BC7C52670E99100F8BCC0 /* Shared */ = {
			isa = PBXGroup;
			children = (
				598BC7C82670E99100F8BCC0 /* ExpensifyApp.swift */,
				598BC7C92670E99100F8BCC0 /* MainView.swift */,
				591EFEA22671BC970051AF57 /* ChartView.swift */,
				591EFEA02671BC810051AF57 /* TrendView.swift */,
				591EFE9E2671BC510051AF57 /* FormView.swift */,
				598BC7CB2670E99200F8BCC0 /* Assets.xcassets */,
				598BC7C62670E99100F8BCC0 /* Expensify.xcdatamodeld */,
			);
			path = Shared;
			sourceTree = "<group>";
		};
		598BC7D12670E99200F8BCC0 /* Products */ = {
			isa = PBXGroup;
			children = (
				598BC7D02670E99200F8BCC0 /* Expensify.app */,
			);
			name = Products;
			sourceTree = "<group>";
		};
		598BC7D22670E99200F8BCC0 /* iOS */ = {
			isa = PBXGroup;
			children = (
				598BC7D32670E99200F8BCC0 /* Info.plist */,
			);
			path = iOS;
			sourceTree = "<group>";
		};
/* End PBXGroup section */

/* Begin PBXNativeTarget section */
		598BC7CF2670E99200F8BCC0 /* Expensify (iOS) */ = {
			isa = PBXNativeTarget;
			buildConfigurationList = 598BC7E82670E99200F8BCC0 /* Build configuration list for PBXNativeTarget "Expensify (iOS)" */;
			buildPhases = (
				598BC7CC2670E99200F8BCC0 /* Sources */,
				598BC7CD2670E99200F8BCC0 /* Frameworks */,
				598BC7CE2670E99200F8BCC0 /* Resources */,
			);
			buildRules = (
			);
			dependencies = (
			);
			name = "Expensify (iOS)";
			productName = "Expensify (iOS)";
			productReference = 598BC7D02670E99200F8BCC0 /* Expensify.app */;
			productType = "com.apple.product-type.application";
		};
/* End PBXNativeTarget section */

/* Begin PBXProject section */
		598BC7C12670E99100F8BCC0 /* Project object */ = {
			isa = PBXProject;
			attributes = {
				LastSwiftUpdateCheck = 1250;
				LastUpgradeCheck = 1250;
				TargetAttributes = {
					598BC7CF2670E99200F8BCC0 = {
						CreatedOnToolsVersion = 12.5;
					};
				};
			};
			buildConfigurationList = 598BC7C42670E99100F8BCC0 /* Build configuration list for PBXProject "Expensify" */;
			compatibilityVersion = "Xcode 9.3";
			developmentRegion = en;
			hasScannedForEncodings = 0;
			knownRegions = (
				en,
				Base,
			);
			mainGroup = 598BC7C02670E99100F8BCC0;
			productRefGroup = 598BC7D12670E99200F8BCC0 /* Products */;
			projectDirPath = "";
			projectRoot = "";
			targets = (
				598BC7CF2670E99200F8BCC0 /* Expensify (iOS) */,
			);
		};
/* End PBXProject section */

/* Begin PBXResourcesBuildPhase section */
		598BC7CE2670E99200F8BCC0 /* Resources */ = {
			isa = PBXResourcesBuildPhase;
			buildActionMask = 2147483647;
			files = (
				598BC7E42670E99200F8BCC0 /* Assets.xcassets in Resources */,
			);
			runOnlyForDeploymentPostprocessing = 0;
		};
/* End PBXResourcesBuildPhase section */

/* Begin PBXSourcesBuildPhase section */
		598BC7CC2670E99200F8BCC0 /* Sources */ = {
			isa = PBXSourcesBuildPhase;
			buildActionMask = 2147483647;
			files = (
				591EFE9F2671BC510051AF57 /* FormView.swift in Sources */,
				598BC7DC2670E99200F8BCC0 /* Expensify.xcdatamodeld in Sources */,
				591EFEA12671BC810051AF57 /* TrendView.swift in Sources */,
				598BC7DE2670E99200F8BCC0 /* ExpensifyApp.swift in Sources */,
				598BC7E02670E99200F8BCC0 /* MainView.swift in Sources */,
				591EFEA32671BC970051AF57 /* ChartView.swift in Sources */,
			);
			runOnlyForDeploymentPostprocessing = 0;
		};
/* End PBXSourcesBuildPhase section */

/* Begin XCBuildConfiguration section */
		598BC7E62670E99200F8BCC0 /* Debug */ = {
			isa = XCBuildConfiguration;
			buildSettings = {
				ALWAYS_SEARCH_USER_PATHS = NO;
				CLANG_ANALYZER_NONNULL = YES;
				CLANG_ANALYZER_NUMBER_OBJECT_CONVERSION = YES_AGGRESSIVE;
				CLANG_CXX_LANGUAGE_STANDARD = "gnu++14";
				CLANG_CXX_LIBRARY = "libc++";
				CLANG_ENABLE_MODULES = YES;
				CLANG_ENABLE_OBJC_ARC = YES;
				CLANG_ENABLE_OBJC_WEAK = YES;
				CLANG_WARN_BLOCK_CAPTURE_AUTORELEASING = YES;
				CLANG_WARN_BOOL_CONVERSION = YES;
				CLANG_WARN_COMMA = YES;
				CLANG_WARN_CONSTANT_CONVERSION = YES;
				CLANG_WARN_DEPRECATED_OBJC_IMPLEMENTATIONS = YES;
				CLANG_WARN_DIRECT_OBJC_ISA_USAGE = YES_ERROR;
				CLANG_WARN_DOCUMENTATION_COMMENTS = YES;
				CLANG_WARN_EMPTY_BODY = YES;
				CLANG_WARN_ENUM_CONVERSION = YES;
				CLANG_WARN_INFINITE_RECURSION = YES;
				CLANG_WARN_INT_CONVERSION = YES;
				CLANG_WARN_NON_LITERAL_NULL_CONVERSION = YES;
				CLANG_WARN_OBJC_IMPLICIT_RETAIN_SELF = YES;
				CLANG_WARN_OBJC_LITERAL_CONVERSION = YES;
				CLANG_WARN_OBJC_ROOT_CLASS = YES_ERROR;
				CLANG_WARN_QUOTED_INCLUDE_IN_FRAMEWORK_HEADER = YES;
				CLANG_WARN_RANGE_LOOP_ANALYSIS = YES;
				CLANG_WARN_STRICT_PROTOTYPES = YES;
				CLANG_WARN_SUSPICIOUS_MOVE = YES;
				CLANG_WARN_UNGUARDED_AVAILABILITY = YES_AGGRESSIVE;
				CLANG_WARN_UNREACHABLE_CODE = YES;
				CLANG_WARN__DUPLICATE_METHOD_MATCH = YES;
				COPY_PHASE_STRIP = NO;
				DEBUG_INFORMATION_FORMAT = dwarf;
				ENABLE_STRICT_OBJC_MSGSEND = YES;
				ENABLE_TESTABILITY = YES;
				GCC_C_LANGUAGE_STANDARD = gnu11;
				GCC_DYNAMIC_NO_PIC = NO;
				GCC_NO_COMMON_BLOCKS = YES;
				GCC_OPTIMIZATION_LEVEL = 0;
				GCC_PREPROCESSOR_DEFINITIONS = (
					"DEBUG=1",
					"$(inherited)",
				);
				GCC_WARN_64_TO_32_BIT_CONVERSION = YES;
				GCC_WARN_ABOUT_RETURN_TYPE = YES_ERROR;
				GCC_WARN_UNDECLARED_SELECTOR = YES;
				GCC_WARN_UNINITIALIZED_AUTOS = YES_AGGRESSIVE;
				GCC_WARN_UNUSED_FUNCTION = YES;
				GCC_WARN_UNUSED_VARIABLE = YES;
				MTL_ENABLE_DEBUG_INFO = INCLUDE_SOURCE;
				MTL_FAST_MATH = YES;
				ONLY_ACTIVE_ARCH = YES;
				SWIFT_ACTIVE_COMPILATION_CONDITIONS = DEBUG;
				SWIFT_OPTIMIZATION_LEVEL = "-Onone";
			};
			name = Debug;
		};
		598BC7E72670E99200F8BCC0 /* Release */ = {
			isa = XCBuildConfiguration;
			buildSettings = {
				ALWAYS_SEARCH_USER_PATHS = NO;
				CLANG_ANALYZER_NONNULL = YES;
				CLANG_ANALYZER_NUMBER_OBJECT_CONVERSION = YES_AGGRESSIVE;
				CLANG_CXX_LANGUAGE_STANDARD = "gnu++14";
				CLANG_CXX_LIBRARY = "libc++";
				CLANG_ENABLE_MODULES = YES;
				CLANG_ENABLE_OBJC_ARC = YES;
				CLANG_ENABLE_OBJC_WEAK = YES;
				CLANG_WARN_BLOCK_CAPTURE_AUTORELEASING = YES;
				CLANG_WARN_BOOL_CONVERSION = YES;
				CLANG_WARN_COMMA = YES;
				CLANG_WARN_CONSTANT_CONVERSION = YES;
				CLANG_WARN_DEPRECATED_OBJC_IMPLEMENTATIONS = YES;
				CLANG_WARN_DIRECT_OBJC_ISA_USAGE = YES_ERROR;
				CLANG_WARN_DOCUMENTATION_COMMENTS = YES;
				CLANG_WARN_EMPTY_BODY = YES;
				CLANG_WARN_ENUM_CONVERSION = YES;
				CLANG_WARN_INFINITE_RECURSION = YES;
				CLANG_WARN_INT_CONVERSION = YES;
				CLANG_WARN_NON_LITERAL_NULL_CONVERSION = YES;
				CLANG_WARN_OBJC_IMPLICIT_RETAIN_SELF = YES;
				CLANG_WARN_OBJC_LITERAL_CONVERSION = YES;
				CLANG_WARN_OBJC_ROOT_CLASS = YES_ERROR;
				CLANG_WARN_QUOTED_INCLUDE_IN_FRAMEWORK_HEADER = YES;
				CLANG_WARN_RANGE_LOOP_ANALYSIS = YES;
				CLANG_WARN_STRICT_PROTOTYPES = YES;
				CLANG_WARN_SUSPICIOUS_MOVE = YES;
				CLANG_WARN_UNGUARDED_AVAILABILITY = YES_AGGRESSIVE;
				CLANG_WARN_UNREACHABLE_CODE = YES;
				CLANG_WARN__DUPLICATE_METHOD_MATCH = YES;
				COPY_PHASE_STRIP = NO;
				DEBUG_INFORMATION_FORMAT = "dwarf-with-dsym";
				ENABLE_NS_ASSERTIONS = NO;
				ENABLE_STRICT_OBJC_MSGSEND = YES;
				GCC_C_LANGUAGE_STANDARD = gnu11;
				GCC_NO_COMMON_BLOCKS = YES;
				GCC_WARN_64_TO_32_BIT_CONVERSION = YES;
				GCC_WARN_ABOUT_RETURN_TYPE = YES_ERROR;
				GCC_WARN_UNDECLARED_SELECTOR = YES;
				GCC_WARN_UNINITIALIZED_AUTOS = YES_AGGRESSIVE;
				GCC_WARN_UNUSED_FUNCTION = YES;
				GCC_WARN_UNUSED_VARIABLE = YES;
				MTL_ENABLE_DEBUG_INFO = NO;
				MTL_FAST_MATH = YES;
				SWIFT_COMPILATION_MODE = wholemodule;
				SWIFT_OPTIMIZATION_LEVEL = "-O";
			};
			name = Release;
		};
		598BC7E92670E99200F8BCC0 /* Debug */ = {
			isa = XCBuildConfiguration;
			buildSettings = {
				ASSETCATALOG_COMPILER_APPICON_NAME = AppIcon;
				ASSETCATALOG_COMPILER_GLOBAL_ACCENT_COLOR_NAME = AccentColor;
				CODE_SIGN_STYLE = Automatic;
				DEVELOPMENT_TEAM = 4ND5VF5RJ5;
				ENABLE_PREVIEWS = YES;
				INFOPLIST_FILE = iOS/Info.plist;
				IPHONEOS_DEPLOYMENT_TARGET = 14.0;
				LD_RUNPATH_SEARCH_PATHS = (
					"$(inherited)",
					"@executable_path/Frameworks",
				);
				PRODUCT_BUNDLE_IDENTIFIER = com.jautung.Expensify;
				PRODUCT_NAME = Expensify;
				SDKROOT = iphoneos;
				SWIFT_VERSION = 5.0;
				TARGETED_DEVICE_FAMILY = 1;
			};
			name = Debug;
		};
		598BC7EA2670E99200F8BCC0 /* Release */ = {
			isa = XCBuildConfiguration;
			buildSettings = {
				ASSETCATALOG_COMPILER_APPICON_NAME = AppIcon;
				ASSETCATALOG_COMPILER_GLOBAL_ACCENT_COLOR_NAME = AccentColor;
				CODE_SIGN_STYLE = Automatic;
				DEVELOPMENT_TEAM = 4ND5VF5RJ5;
				ENABLE_PREVIEWS = YES;
				INFOPLIST_FILE = iOS/Info.plist;
				IPHONEOS_DEPLOYMENT_TARGET = 14.0;
				LD_RUNPATH_SEARCH_PATHS = (
					"$(inherited)",
					"@executable_path/Frameworks",
				);
				PRODUCT_BUNDLE_IDENTIFIER = com.jautung.Expensify;
				PRODUCT_NAME = Expensify;
				SDKROOT = iphoneos;
				SWIFT_VERSION = 5.0;
				TARGETED_DEVICE_FAMILY = 1;
				VALIDATE_PRODUCT = YES;
			};
			name = Release;
		};
/* End XCBuildConfiguration section */

/* Begin XCConfigurationList section */
		598BC7C42670E99100F8BCC0 /* Build configuration list for PBXProject "Expensify" */ = {
			isa = XCConfigurationList;
			buildConfigurations = (
				598BC7E62670E99200F8BCC0 /* Debug */,
				598BC7E72670E99200F8BCC0 /* Release */,
			);
			defaultConfigurationIsVisible = 0;
			defaultConfigurationName = Release;
		};
		598BC7E82670E99200F8BCC0 /* Build configuration list for PBXNativeTarget "Expensify (iOS)" */ = {
			isa = XCConfigurationList;
			buildConfigurations = (
				598BC7E92670E99200F8BCC0 /* Debug */,
				598BC7EA2670E99200F8BCC0 /* Release */,
			);
			defaultConfigurationIsVisible = 0;
			defaultConfigurationName = Release;
		};
/* End XCConfigurationList section */

/* Begin XCVersionGroup section */
		598BC7C62670E99100F8BCC0 /* Expensify.xcdatamodeld */ = {
			isa = XCVersionGroup;
			children = (
				598BC7C72670E99100F8BCC0 /* Shared.xcdatamodel */,
			);
			currentVersion = 598BC7C72670E99100F8BCC0 /* Shared.xcdatamodel */;
			path = Expensify.xcdatamodeld;
			sourceTree = "<group>";
			versionGroupType = wrapper.xcdatamodel;
		};
/* End XCVersionGroup section */
	};
	rootObject = 598BC7C12670E99100F8BCC0 /* Project object */;
}
